
Microsoft Visual Studio Solution File, Format Version 12.00
# Visual Studio Version 17
VisualStudioVersion = 17.6.33723.286
MinimumVisualStudioVersion = 10.0.40219.1
Project("{FAE04EC0-301F-11D3-BF4B-00C04F79EFBC}") = "European Call Option Pricing", "European Call Option Pricing.csproj", "{99F06665-4525-43CC-A131-C3D3B5DDFE98}"
EndProject
Global
	GlobalSection(SolutionConfigurationPlatforms) = preSolution
		Debug|Any CPU = Debug|Any CPU
		Release|Any CPU = Release|Any CPU
	EndGlobalSection
	GlobalSection(ProjectConfigurationPlatforms) = postSolution
		{99F06665-4525-43CC-A131-C3D3B5DDFE98}.Debug|Any CPU.ActiveCfg = Debug|Any CPU
		{99F06665-4525-43CC-A131-C3D3B5DDFE98}.Debug|Any CPU.Build.0 = Debug|Any CPU
		{99F06665-4525-43CC-A131-C3D3B5DDFE98}.Release|Any CPU.ActiveCfg = Release|Any CPU
		{99F06665-4525-43CC-A131-C3D3B5DDFE98}.Release|Any CPU.Build.0 = Release|Any CPU
	EndGlobalSection
	GlobalSection(SolutionProperties) = preSolution
		HideSolutionNode = FALSE
	EndGlobalSection
	GlobalSection(ExtensibilityGlobals) = postSolution
		SolutionGuid = {7A2D51B7-3A56-457E-8E3E-A27EB4998C78}
	EndGlobalSection
EndGlobal
